
Microsoft Visual Studio Solution File, Format Version 12.00
# Visual Studio Version 17
VisualStudioVersion = 17.5.33530.505
MinimumVisualStudioVersion = 10.0.40219.1
Project("{8BC9CEB8-8B4A-11D0-8D11-00A0C91BC942}") = "TL2_for_class", "TL2_for_class.vcxproj", "{8FA65DD4-8B43-44E8-A5BD-A97041BCD322}"
EndProject
Project("{8BC9CEB8-8B4A-11D0-8D11-00A0C91BC942}") = "DirectXTex", "DirectXTex\DirectXTex_Desktop_2022_Win10.vcxproj", "{371B9FA9-4C90-4AC6-A123-ACED756D6C77}"
EndProject
Global
	GlobalSection(SolutionConfigurationPlatforms) = preSolution
		Debug|ARM64 = Debug|ARM64
		Debug|x64 = Debug|x64
		Debug|x86 = Debug|x86
		Profile|ARM64 = Profile|ARM64
		Profile|x64 = Profile|x64
		Profile|x86 = Profile|x86
		Release|ARM64 = Release|ARM64
		Release|x64 = Release|x64
		Release|x86 = Release|x86
	EndGlobalSection
	GlobalSection(ProjectConfigurationPlatforms) = postSolution
		{8FA65DD4-8B43-44E8-A5BD-A97041BCD322}.Debug|ARM64.ActiveCfg = Debug|x64
		{8FA65DD4-8B43-44E8-A5BD-A97041BCD322}.Debug|ARM64.Build.0 = Debug|x64
		{8FA65DD4-8B43-44E8-A5BD-A97041BCD322}.Debug|x64.ActiveCfg = Debug|x64
		{8FA65DD4-8B43-44E8-A5BD-A97041BCD322}.Debug|x64.Build.0 = Debug|x64
		{8FA65DD4-8B43-44E8-A5BD-A97041BCD322}.Debug|x86.ActiveCfg = Debug|Win32
		{8FA65DD4-8B43-44E8-A5BD-A97041BCD322}.Debug|x86.Build.0 = Debug|Win32
		{8FA65DD4-8B43-44E8-A5BD-A97041BCD322}.Profile|ARM64.ActiveCfg = Release|x64
		{8FA65DD4-8B43-44E8-A5BD-A97041BCD322}.Profile|ARM64.Build.0 = Release|x64
		{8FA65DD4-8B43-44E8-A5BD-A97041BCD322}.Profile|x64.ActiveCfg = Release|x64
		{8FA65DD4-8B43-44E8-A5BD-A97041BCD322}.Profile|x64.Build.0 = Release|x64
		{8FA65DD4-8B43-44E8-A5BD-A97041BCD322}.Profile|x86.ActiveCfg = Release|Win32
		{8FA65DD4-8B43-44E8-A5BD-A97041BCD322}.Profile|x86.Build.0 = Release|Win32
		{8FA65DD4-8B43-44E8-A5BD-A97041BCD322}.Release|ARM64.ActiveCfg = Release|x64
		{8FA65DD4-8B43-44E8-A5BD-A97041BCD322}.Release|ARM64.Build.0 = Release|x64
		{8FA65DD4-8B43-44E8-A5BD-A97041BCD322}.Release|x64.ActiveCfg = Release|x64
		{8FA65DD4-8B43-44E8-A5BD-A97041BCD322}.Release|x64.Build.0 = Release|x64
		{8FA65DD4-8B43-44E8-A5BD-A97041BCD322}.Release|x86.ActiveCfg = Release|Win32
		{8FA65DD4-8B43-44E8-A5BD-A97041BCD322}.Release|x86.Build.0 = Release|Win32
		{371B9FA9-4C90-4AC6-A123-ACED756D6C77}.Debug|ARM64.ActiveCfg = Debug|ARM64
		{371B9FA9-4C90-4AC6-A123-ACED756D6C77}.Debug|ARM64.Build.0 = Debug|ARM64
		{371B9FA9-4C90-4AC6-A123-ACED756D6C77}.Debug|x64.ActiveCfg = Debug|x64
		{371B9FA9-4C90-4AC6-A123-ACED756D6C77}.Debug|x64.Build.0 = Debug|x64
		{371B9FA9-4C90-4AC6-A123-ACED756D6C77}.Debug|x86.ActiveCfg = Debug|Win32
		{371B9FA9-4C90-4AC6-A123-ACED756D6C77}.Debug|x86.Build.0 = Debug|Win32
		{371B9FA9-4C90-4AC6-A123-ACED756D6C77}.Profile|ARM64.ActiveCfg = Profile|ARM64
		{371B9FA9-4C90-4AC6-A123-ACED756D6C77}.Profile|ARM64.Build.0 = Profile|ARM64
		{371B9FA9-4C90-4AC6-A123-ACED756D6C77}.Profile|x64.ActiveCfg = Profile|x64
		{371B9FA9-4C90-4AC6-A123-ACED756D6C77}.Profile|x64.Build.0 = Profile|x64
		{371B9FA9-4C90-4AC6-A123-ACED756D6C77}.Profile|x86.ActiveCfg = Profile|Win32
		{371B9FA9-4C90-4AC6-A123-ACED756D6C77}.Profile|x86.Build.0 = Profile|Win32
		{371B9FA9-4C90-4AC6-A123-ACED756D6C77}.Release|ARM64.ActiveCfg = Release|ARM64
		{371B9FA9-4C90-4AC6-A123-ACED756D6C77}.Release|ARM64.Build.0 = Release|ARM64
		{371B9FA9-4C90-4AC6-A123-ACED756D6C77}.Release|x64.ActiveCfg = Release|x64
		{371B9FA9-4C90-4AC6-A123-ACED756D6C77}.Release|x64.Build.0 = Release|x64
		{371B9FA9-4C90-4AC6-A123-ACED756D6C77}.Release|x86.ActiveCfg = Release|Win32
		{371B9FA9-4C90-4AC6-A123-ACED756D6C77}.Release|x86.Build.0 = Release|Win32
	EndGlobalSection
	GlobalSection(SolutionProperties) = preSolution
		HideSolutionNode = FALSE
	EndGlobalSection
	GlobalSection(ExtensibilityGlobals) = postSolution
		SolutionGuid = {EBB5D0E8-E101-4315-82AA-E2685139584A}
	EndGlobalSection
EndGlobal
